
Microsoft Visual Studio Solution File, Format Version 12.00
# Visual Studio 15
Project("{FAE04EC0-301F-11D3-BF4B-00C04F79EFBC}") = "Assembly-CSharp-Editor", "Assembly-CSharp-Editor.csproj", "{9B4A2BDC-7CF5-98FF-2F51-AFBE9C137329}"
EndProject
Project("{FAE04EC0-301F-11D3-BF4B-00C04F79EFBC}") = "Assembly-CSharp", "Assembly-CSharp.csproj", "{40B8A2A0-3AC7-06F6-38A7-0A58F78F6652}"
EndProject
Global
	GlobalSection(SolutionConfigurationPlatforms) = preSolution
		Debug|Any CPU = Debug|Any CPU
		Release|Any CPU = Release|Any CPU
	EndGlobalSection
	GlobalSection(ProjectConfigurationPlatforms) = postSolution
		{9B4A2BDC-7CF5-98FF-2F51-AFBE9C137329}.Debug|Any CPU.ActiveCfg = Debug|Any CPU
		{9B4A2BDC-7CF5-98FF-2F51-AFBE9C137329}.Debug|Any CPU.Build.0 = Debug|Any CPU
		{9B4A2BDC-7CF5-98FF-2F51-AFBE9C137329}.Release|Any CPU.ActiveCfg = Release|Any CPU
		{9B4A2BDC-7CF5-98FF-2F51-AFBE9C137329}.Release|Any CPU.Build.0 = Release|Any CPU
		{40B8A2A0-3AC7-06F6-38A7-0A58F78F6652}.Debug|Any CPU.ActiveCfg = Debug|Any CPU
		{40B8A2A0-3AC7-06F6-38A7-0A58F78F6652}.Debug|Any CPU.Build.0 = Debug|Any CPU
		{40B8A2A0-3AC7-06F6-38A7-0A58F78F6652}.Release|Any CPU.ActiveCfg = Release|Any CPU
		{40B8A2A0-3AC7-06F6-38A7-0A58F78F6652}.Release|Any CPU.Build.0 = Release|Any CPU
	EndGlobalSection
	GlobalSection(SolutionProperties) = preSolution
		HideSolutionNode = FALSE
	EndGlobalSection
EndGlobal
